
Microsoft Visual Studio Solution File, Format Version 12.00
# Visual Studio Version 17
VisualStudioVersion = 17.14.36705.20 d17.14
MinimumVisualStudioVersion = 10.0.40219.1
Project("{FAE04EC0-301F-11D3-BF4B-00C04F79EFBC}") = "L7C13", "L7C13\L7C13.csproj", "{6336F316-5856-40FF-9677-03C0BEC617C3}"
EndProject
Global
	GlobalSection(SolutionConfigurationPlatforms) = preSolution
		Debug|Any CPU = Debug|Any CPU
		Release|Any CPU = Release|Any CPU
	EndGlobalSection
	GlobalSection(ProjectConfigurationPlatforms) = postSolution
		{6336F316-5856-40FF-9677-03C0BEC617C3}.Debug|Any CPU.ActiveCfg = Debug|Any CPU
		{6336F316-5856-40FF-9677-03C0BEC617C3}.Debug|Any CPU.Build.0 = Debug|Any CPU
		{6336F316-5856-40FF-9677-03C0BEC617C3}.Release|Any CPU.ActiveCfg = Release|Any CPU
		{6336F316-5856-40FF-9677-03C0BEC617C3}.Release|Any CPU.Build.0 = Release|Any CPU
	EndGlobalSection
	GlobalSection(SolutionProperties) = preSolution
		HideSolutionNode = FALSE
	EndGlobalSection
	GlobalSection(ExtensibilityGlobals) = postSolution
		SolutionGuid = {58896A32-084C-4B3D-97E2-B130A56AB775}
	EndGlobalSection
EndGlobal
